
Microsoft Visual Studio Solution File, Format Version 12.00
# Visual Studio Version 16
VisualStudioVersion = 16.0.30413.136
MinimumVisualStudioVersion = 10.0.40219.1
Project("{FAE04EC0-301F-11D3-BF4B-00C04F79EFBC}") = "SocialNetwork", "SocialNetwork.csproj", "{8C0EB789-09D7-414D-AA23-CEA1683032A1}"
EndProject
Global
	GlobalSection(SolutionConfigurationPlatforms) = preSolution
		Debug|Any CPU = Debug|Any CPU
		Release|Any CPU = Release|Any CPU
	EndGlobalSection
	GlobalSection(ProjectConfigurationPlatforms) = postSolution
		{8C0EB789-09D7-414D-AA23-CEA1683032A1}.Debug|Any CPU.ActiveCfg = Debug|Any CPU
		{8C0EB789-09D7-414D-AA23-CEA1683032A1}.Debug|Any CPU.Build.0 = Debug|Any CPU
		{8C0EB789-09D7-414D-AA23-CEA1683032A1}.Release|Any CPU.ActiveCfg = Release|Any CPU
		{8C0EB789-09D7-414D-AA23-CEA1683032A1}.Release|Any CPU.Build.0 = Release|Any CPU
	EndGlobalSection
	GlobalSection(SolutionProperties) = preSolution
		HideSolutionNode = FALSE
	EndGlobalSection
	GlobalSection(ExtensibilityGlobals) = postSolution
		SolutionGuid = {DC28A598-62B2-4700-A542-631373B0B578}
	EndGlobalSection
EndGlobal
